// !$*UTF8*$!
{
	archiveVersion = 1;
	classes = {
	};
	objectVersion = 46;
	objects = {

/* Begin PBXBuildFile section */
		E7075BD41ED9CE4A00D6051E /* AppDelegate.swift in Sources */ = {isa = PBXBuildFile; fileRef = E7075BD31ED9CE4A00D6051E /* AppDelegate.swift */; };
		E7075BD61ED9CE4A00D6051E /* ViewController.swift in Sources */ = {isa = PBXBuildFile; fileRef = E7075BD51ED9CE4A00D6051E /* ViewController.swift */; };
		E7075BD91ED9CE4A00D6051E /* Main.storyboard in Resources */ = {isa = PBXBuildFile; fileRef = E7075BD71ED9CE4A00D6051E /* Main.storyboard */; };
		E7075BDB1ED9CE4A00D6051E /* Assets.xcassets in Resources */ = {isa = PBXBuildFile; fileRef = E7075BDA1ED9CE4A00D6051E /* Assets.xcassets */; };
		E7075BDE1ED9CE4A00D6051E /* LaunchScreen.storyboard in Resources */ = {isa = PBXBuildFile; fileRef = E7075BDC1ED9CE4A00D6051E /* LaunchScreen.storyboard */; };
		E7075BE91ED9CE4A00D6051E /* DestroyTheWorldTests.swift in Sources */ = {isa = PBXBuildFile; fileRef = E7075BE81ED9CE4A00D6051E /* DestroyTheWorldTests.swift */; };
		E7075BF41ED9CE4A00D6051E /* DestroyTheWorldUITests.swift in Sources */ = {isa = PBXBuildFile; fileRef = E7075BF31ED9CE4A00D6051E /* DestroyTheWorldUITests.swift */; };
/* End PBXBuildFile section */

/* Begin PBXContainerItemProxy section */
		E7075BE51ED9CE4A00D6051E /* PBXContainerItemProxy */ = {
			isa = PBXContainerItemProxy;
			containerPortal = E7075BC81ED9CE4A00D6051E /* Project object */;
			proxyType = 1;
			remoteGlobalIDString = E7075BCF1ED9CE4A00D6051E;
			remoteInfo = DestroyTheWorld;
		};
		E7075BF01ED9CE4A00D6051E /* PBXContainerItemProxy */ = {
			isa = PBXContainerItemProxy;
			containerPortal = E7075BC81ED9CE4A00D6051E /* Project object */;
			proxyType = 1;
			remoteGlobalIDString = E7075BCF1ED9CE4A00D6051E;
			remoteInfo = DestroyTheWorld;
		};
/* End PBXContainerItemProxy section */

/* Begin PBXFileReference section */
		E7075BD01ED9CE4A00D6051E /* DestroyTheWorld.app */ = {isa = PBXFileReference; explicitFileType = wrapper.application; includeInIndex = 0; path = DestroyTheWorld.app; sourceTree = BUILT_PRODUCTS_DIR; };
		E7075BD31ED9CE4A00D6051E /* AppDelegate.swift */ = {isa = PBXFileReference; lastKnownFileType = sourcecode.swift; path = AppDelegate.swift; sourceTree = "<group>"; };
		E7075BD51ED9CE4A00D6051E /* ViewController.swift */ = {isa = PBXFileReference; lastKnownFileType = sourcecode.swift; path = ViewController.swift; sourceTree = "<group>"; };
		E7075BD81ED9CE4A00D6051E /* Base */ = {isa = PBXFileReference; lastKnownFileType = file.storyboard; name = Base; path = Base.lproj/Main.storyboard; sourceTree = "<group>"; };
		E7075BDA1ED9CE4A00D6051E /* Assets.xcassets */ = {isa = PBXFileReference; lastKnownFileType = folder.assetcatalog; path = Assets.xcassets; sourceTree = "<group>"; };
		E7075BDD1ED9CE4A00D6051E /* Base */ = {isa = PBXFileReference; lastKnownFileType = file.storyboard; name = Base; path = Base.lproj/LaunchScreen.storyboard; sourceTree = "<group>"; };
		E7075BDF1ED9CE4A00D6051E /* Info.plist */ = {isa = PBXFileReference; lastKnownFileType = text.plist.xml; path = Info.plist; sourceTree = "<group>"; };
		E7075BE41ED9CE4A00D6051E /* DestroyTheWorldTests.xctest */ = {isa = PBXFileReference; explicitFileType = wrapper.cfbundle; includeInIndex = 0; path = DestroyTheWorldTests.xctest; sourceTree = BUILT_PRODUCTS_DIR; };
		E7075BE81ED9CE4A00D6051E /* DestroyTheWorldTests.swift */ = {isa = PBXFileReference; lastKnownFileType = sourcecode.swift; path = DestroyTheWorldTests.swift; sourceTree = "<group>"; };
		E7075BEA1ED9CE4A00D6051E /* Info.plist */ = {isa = PBXFileReference; lastKnownFileType = text.plist.xml; path = Info.plist; sourceTree = "<group>"; };
		E7075BEF1ED9CE4A00D6051E /* DestroyTheWorldUITests.xctest */ = {isa = PBXFileReference; explicitFileType = wrapper.cfbundle; includeInIndex = 0; path = DestroyTheWorldUITests.xctest; sourceTree = BUILT_PRODUCTS_DIR; };
		E7075BF31ED9CE4A00D6051E /* DestroyTheWorldUITests.swift */ = {isa = PBXFileReference; lastKnownFileType = sourcecode.swift; path = DestroyTheWorldUITests.swift; sourceTree = "<group>"; };
		E7075BF51ED9CE4A00D6051E /* Info.plist */ = {isa = PBXFileReference; lastKnownFileType = text.plist.xml; path = Info.plist; sourceTree = "<group>"; };
/* End PBXFileReference section */

/* Begin PBXFrameworksBuildPhase section */
		E7075BCD1ED9CE4A00D6051E /* Frameworks */ = {
			isa = PBXFrameworksBuildPhase;
			buildActionMask = 2147483647;
			files = (
			);
			runOnlyForDeploymentPostprocessing = 0;
		};
		E7075BE11ED9CE4A00D6051E /* Frameworks */ = {
			isa = PBXFrameworksBuildPhase;
			buildActionMask = 2147483647;
			files = (
			);
			runOnlyForDeploymentPostprocessing = 0;
		};
		E7075BEC1ED9CE4A00D6051E /* Frameworks */ = {
			isa = PBXFrameworksBuildPhase;
			buildActionMask = 2147483647;
			files = (
			);
			runOnlyForDeploymentPostprocessing = 0;
		};
/* End PBXFrameworksBuildPhase section */

/* Begin PBXGroup section */
		E7075BC71ED9CE4A00D6051E = {
			isa = PBXGroup;
			children = (
				E7075BD21ED9CE4A00D6051E /* DestroyTheWorld */,
				E7075BE71ED9CE4A00D6051E /* DestroyTheWorldTests */,
				E7075BF21ED9CE4A00D6051E /* DestroyTheWorldUITests */,
				E7075BD11ED9CE4A00D6051E /* Products */,
			);
			sourceTree = "<group>";
		};
		E7075BD11ED9CE4A00D6051E /* Products */ = {
			isa = PBXGroup;
			children = (
				E7075BD01ED9CE4A00D6051E /* DestroyTheWorld.app */,
				E7075BE41ED9CE4A00D6051E /* DestroyTheWorldTests.xctest */,
				E7075BEF1ED9CE4A00D6051E /* DestroyTheWorldUITests.xctest */,
			);
			name = Products;
			sourceTree = "<group>";
		};
		E7075BD21ED9CE4A00D6051E /* DestroyTheWorld */ = {
			isa = PBXGroup;
			children = (
				E7075BD31ED9CE4A00D6051E /* AppDelegate.swift */,
				E7075BD51ED9CE4A00D6051E /* ViewController.swift */,
				E7075BD71ED9CE4A00D6051E /* Main.storyboard */,
				E7075BDA1ED9CE4A00D6051E /* Assets.xcassets */,
				E7075BDC1ED9CE4A00D6051E /* LaunchScreen.storyboard */,
				E7075BDF1ED9CE4A00D6051E /* Info.plist */,
			);
			path = DestroyTheWorld;
			sourceTree = "<group>";
		};
		E7075BE71ED9CE4A00D6051E /* DestroyTheWorldTests */ = {
			isa = PBXGroup;
			children = (
				E7075BE81ED9CE4A00D6051E /* DestroyTheWorldTests.swift */,
				E7075BEA1ED9CE4A00D6051E /* Info.plist */,
			);
			path = DestroyTheWorldTests;
			sourceTree = "<group>";
		};
		E7075BF21ED9CE4A00D6051E /* DestroyTheWorldUITests */ = {
			isa = PBXGroup;
			children = (
				E7075BF31ED9CE4A00D6051E /* DestroyTheWorldUITests.swift */,
				E7075BF51ED9CE4A00D6051E /* Info.plist */,
			);
			path = DestroyTheWorldUITests;
			sourceTree = "<group>";
		};
/* End PBXGroup section */

/* Begin PBXNativeTarget section */
		E7075BCF1ED9CE4A00D6051E /* DestroyTheWorld */ = {
			isa = PBXNativeTarget;
			buildConfigurationList = E7075BF81ED9CE4A00D6051E /* Build configuration list for PBXNativeTarget "DestroyTheWorld" */;
			buildPhases = (
				E7075BCC1ED9CE4A00D6051E /* Sources */,
				E7075BCD1ED9CE4A00D6051E /* Frameworks */,
				E7075BCE1ED9CE4A00D6051E /* Resources */,
			);
			buildRules = (
			);
			dependencies = (
			);
			name = DestroyTheWorld;
			productName = DestroyTheWorld;
			productReference = E7075BD01ED9CE4A00D6051E /* DestroyTheWorld.app */;
			productType = "com.apple.product-type.application";
		};
		E7075BE31ED9CE4A00D6051E /* DestroyTheWorldTests */ = {
			isa = PBXNativeTarget;
			buildConfigurationList = E7075BFB1ED9CE4A00D6051E /* Build configuration list for PBXNativeTarget "DestroyTheWorldTests" */;
			buildPhases = (
				E7075BE01ED9CE4A00D6051E /* Sources */,
				E7075BE11ED9CE4A00D6051E /* Frameworks */,
				E7075BE21ED9CE4A00D6051E /* Resources */,
			);
			buildRules = (
			);
			dependencies = (
				E7075BE61ED9CE4A00D6051E /* PBXTargetDependency */,
			);
			name = DestroyTheWorldTests;
			productName = DestroyTheWorldTests;
			productReference = E7075BE41ED9CE4A00D6051E /* DestroyTheWorldTests.xctest */;
			productType = "com.apple.product-type.bundle.unit-test";
		};
		E7075BEE1ED9CE4A00D6051E /* DestroyTheWorldUITests */ = {
			isa = PBXNativeTarget;
			buildConfigurationList = E7075BFE1ED9CE4A00D6051E /* Build configuration list for PBXNativeTarget "DestroyTheWorldUITests" */;
			buildPhases = (
				E7075BEB1ED9CE4A00D6051E /* Sources */,
				E7075BEC1ED9CE4A00D6051E /* Frameworks */,
				E7075BED1ED9CE4A00D6051E /* Resources */,
			);
			buildRules = (
			);
			dependencies = (
				E7075BF11ED9CE4A00D6051E /* PBXTargetDependency */,
			);
			name = DestroyTheWorldUITests;
			productName = DestroyTheWorldUITests;
			productReference = E7075BEF1ED9CE4A00D6051E /* DestroyTheWorldUITests.xctest */;
			productType = "com.apple.product-type.bundle.ui-testing";
		};
/* End PBXNativeTarget section */

/* Begin PBXProject section */
		E7075BC81ED9CE4A00D6051E /* Project object */ = {
			isa = PBXProject;
			attributes = {
				LastSwiftUpdateCheck = 0830;
				LastUpgradeCheck = 0830;
				ORGANIZATIONNAME = "Son Trinh";
				TargetAttributes = {
					E7075BCF1ED9CE4A00D6051E = {
						CreatedOnToolsVersion = 8.3.2;
						ProvisioningStyle = Automatic;
					};
					E7075BE31ED9CE4A00D6051E = {
						CreatedOnToolsVersion = 8.3.2;
						ProvisioningStyle = Automatic;
						TestTargetID = E7075BCF1ED9CE4A00D6051E;
					};
					E7075BEE1ED9CE4A00D6051E = {
						CreatedOnToolsVersion = 8.3.2;
						ProvisioningStyle = Automatic;
						TestTargetID = E7075BCF1ED9CE4A00D6051E;
					};
				};
			};
			buildConfigurationList = E7075BCB1ED9CE4A00D6051E /* Build configuration list for PBXProject "DestroyTheWorld" */;
			compatibilityVersion = "Xcode 3.2";
			developmentRegion = English;
			hasScannedForEncodings = 0;
			knownRegions = (
				en,
				Base,
			);
			mainGroup = E7075BC71ED9CE4A00D6051E;
			productRefGroup = E7075BD11ED9CE4A00D6051E /* Products */;
			projectDirPath = "";
			projectRoot = "";
			targets = (
				E7075BCF1ED9CE4A00D6051E /* DestroyTheWorld */,
				E7075BE31ED9CE4A00D6051E /* DestroyTheWorldTests */,
				E7075BEE1ED9CE4A00D6051E /* DestroyTheWorldUITests */,
			);
		};
/* End PBXProject section */

/* Begin PBXResourcesBuildPhase section */
		E7075BCE1ED9CE4A00D6051E /* Resources */ = {
			isa = PBXResourcesBuildPhase;
			buildActionMask = 2147483647;
			files = (
				E7075BDE1ED9CE4A00D6051E /* LaunchScreen.storyboard in Resources */,
				E7075BDB1ED9CE4A00D6051E /* Assets.xcassets in Resources */,
				E7075BD91ED9CE4A00D6051E /* Main.storyboard in Resources */,
			);
			runOnlyForDeploymentPostprocessing = 0;
		};
		E7075BE21ED9CE4A00D6051E /* Resources */ = {
			isa = PBXResourcesBuildPhase;
			buildActionMask = 2147483647;
			files = (
			);
			runOnlyForDeploymentPostprocessing = 0;
		};
		E7075BED1ED9CE4A00D6051E /* Resources */ = {
			isa = PBXResourcesBuildPhase;
			buildActionMask = 2147483647;
			files = (
			);
			runOnlyForDeploymentPostprocessing = 0;
		};
/* End PBXResourcesBuildPhase section */

/* Begin PBXSourcesBuildPhase section */
		E7075BCC1ED9CE4A00D6051E /* Sources */ = {
			isa = PBXSourcesBuildPhase;
			buildActionMask = 2147483647;
			files = (
				E7075BD61ED9CE4A00D6051E /* ViewController.swift in Sources */,
				E7075BD41ED9CE4A00D6051E /* AppDelegate.swift in Sources */,
			);
			runOnlyForDeploymentPostprocessing = 0;
		};
		E7075BE01ED9CE4A00D6051E /* Sources */ = {
			isa = PBXSourcesBuildPhase;
			buildActionMask = 2147483647;
			files = (
				E7075BE91ED9CE4A00D6051E /* DestroyTheWorldTests.swift in Sources */,
			);
			runOnlyForDeploymentPostprocessing = 0;
		};
		E7075BEB1ED9CE4A00D6051E /* Sources */ = {
			isa = PBXSourcesBuildPhase;
			buildActionMask = 2147483647;
			files = (
				E7075BF41ED9CE4A00D6051E /* DestroyTheWorldUITests.swift in Sources */,
			);
			runOnlyForDeploymentPostprocessing = 0;
		};
/* End PBXSourcesBuildPhase section */

/* Begin PBXTargetDependency section */
		E7075BE61ED9CE4A00D6051E /* PBXTargetDependency */ = {
			isa = PBXTargetDependency;
			target = E7075BCF1ED9CE4A00D6051E /* DestroyTheWorld */;
			targetProxy = E7075BE51ED9CE4A00D6051E /* PBXContainerItemProxy */;
		};
		E7075BF11ED9CE4A00D6051E /* PBXTargetDependency */ = {
			isa = PBXTargetDependency;
			target = E7075BCF1ED9CE4A00D6051E /* DestroyTheWorld */;
			targetProxy = E7075BF01ED9CE4A00D6051E /* PBXContainerItemProxy */;
		};
/* End PBXTargetDependency section */

/* Begin PBXVariantGroup section */
		E7075BD71ED9CE4A00D6051E /* Main.storyboard */ = {
			isa = PBXVariantGroup;
			children = (
				E7075BD81ED9CE4A00D6051E /* Base */,
			);
			name = Main.storyboard;
			sourceTree = "<group>";
		};
		E7075BDC1ED9CE4A00D6051E /* LaunchScreen.storyboard */ = {
			isa = PBXVariantGroup;
			children = (
				E7075BDD1ED9CE4A00D6051E /* Base */,
			);
			name = LaunchScreen.storyboard;
			sourceTree = "<group>";
		};
/* End PBXVariantGroup section */

/* Begin XCBuildConfiguration section */
		E7075BF61ED9CE4A00D6051E /* Debug */ = {
			isa = XCBuildConfiguration;
			buildSettings = {
				ALWAYS_SEARCH_USER_PATHS = NO;
				CLANG_ANALYZER_NONNULL = YES;
				CLANG_ANALYZER_NUMBER_OBJECT_CONVERSION = YES_AGGRESSIVE;
				CLANG_CXX_LANGUAGE_STANDARD = "gnu++0x";
				CLANG_CXX_LIBRARY = "libc++";
				CLANG_ENABLE_MODULES = YES;
				CLANG_ENABLE_OBJC_ARC = YES;
				CLANG_WARN_BOOL_CONVERSION = YES;
				CLANG_WARN_CONSTANT_CONVERSION = YES;
				CLANG_WARN_DIRECT_OBJC_ISA_USAGE = YES_ERROR;
				CLANG_WARN_DOCUMENTATION_COMMENTS = YES;
				CLANG_WARN_EMPTY_BODY = YES;
				CLANG_WARN_ENUM_CONVERSION = YES;
				CLANG_WARN_INFINITE_RECURSION = YES;
				CLANG_WARN_INT_CONVERSION = YES;
				CLANG_WARN_OBJC_ROOT_CLASS = YES_ERROR;
				CLANG_WARN_SUSPICIOUS_MOVE = YES;
				CLANG_WARN_UNREACHABLE_CODE = YES;
				CLANG_WARN__DUPLICATE_METHOD_MATCH = YES;
				"CODE_SIGN_IDENTITY[sdk=iphoneos*]" = "iPhone Developer";
				COPY_PHASE_STRIP = NO;
				DEBUG_INFORMATION_FORMAT = dwarf;
				ENABLE_STRICT_OBJC_MSGSEND = YES;
				ENABLE_TESTABILITY = YES;
				GCC_C_LANGUAGE_STANDARD = gnu99;
				GCC_DYNAMIC_NO_PIC = NO;
				GCC_NO_COMMON_BLOCKS = YES;
				GCC_OPTIMIZATION_LEVEL = 0;
				GCC_PREPROCESSOR_DEFINITIONS = (
					"DEBUG=1",
					"$(inherited)",
				);
				GCC_WARN_64_TO_32_BIT_CONVERSION = YES;
				GCC_WARN_ABOUT_RETURN_TYPE = YES_ERROR;
				GCC_WARN_UNDECLARED_SELECTOR = YES;
				GCC_WARN_UNINITIALIZED_AUTOS = YES_AGGRESSIVE;
				GCC_WARN_UNUSED_FUNCTION = YES;
				GCC_WARN_UNUSED_VARIABLE = YES;
				IPHONEOS_DEPLOYMENT_TARGET = 10.3;
				MTL_ENABLE_DEBUG_INFO = YES;
				ONLY_ACTIVE_ARCH = YES;
				SDKROOT = iphoneos;
				SWIFT_ACTIVE_COMPILATION_CONDITIONS = DEBUG;
				SWIFT_OPTIMIZATION_LEVEL = "-Onone";
			};
			name = Debug;
		};
		E7075BF71ED9CE4A00D6051E /* Release */ = {
			isa = XCBuildConfiguration;
			buildSettings = {
				ALWAYS_SEARCH_USER_PATHS = NO;
				CLANG_ANALYZER_NONNULL = YES;
				CLANG_ANALYZER_NUMBER_OBJECT_CONVERSION = YES_AGGRESSIVE;
				CLANG_CXX_LANGUAGE_STANDARD = "gnu++0x";
				CLANG_CXX_LIBRARY = "libc++";
				CLANG_ENABLE_MODULES = YES;
				CLANG_ENABLE_OBJC_ARC = YES;
				CLANG_WARN_BOOL_CONVERSION = YES;
				CLANG_WARN_CONSTANT_CONVERSION = YES;
				CLANG_WARN_DIRECT_OBJC_ISA_USAGE = YES_ERROR;
				CLANG_WARN_DOCUMENTATION_COMMENTS = YES;
				CLANG_WARN_EMPTY_BODY = YES;
				CLANG_WARN_ENUM_CONVERSION = YES;
				CLANG_WARN_INFINITE_RECURSION = YES;
				CLANG_WARN_INT_CONVERSION = YES;
				CLANG_WARN_OBJC_ROOT_CLASS = YES_ERROR;
				CLANG_WARN_SUSPICIOUS_MOVE = YES;
				CLANG_WARN_UNREACHABLE_CODE = YES;
				CLANG_WARN__DUPLICATE_METHOD_MATCH = YES;
				"CODE_SIGN_IDENTITY[sdk=iphoneos*]" = "iPhone Developer";
				COPY_PHASE_STRIP = NO;
				DEBUG_INFORMATION_FORMAT = "dwarf-with-dsym";
				ENABLE_NS_ASSERTIONS = NO;
				ENABLE_STRICT_OBJC_MSGSEND = YES;
				GCC_C_LANGUAGE_STANDARD = gnu99;
				GCC_NO_COMMON_BLOCKS = YES;
				GCC_WARN_64_TO_32_BIT_CONVERSION = YES;
				GCC_WARN_ABOUT_RETURN_TYPE = YES_ERROR;
				GCC_WARN_UNDECLARED_SELECTOR = YES;
				GCC_WARN_UNINITIALIZED_AUTOS = YES_AGGRESSIVE;
				GCC_WARN_UNUSED_FUNCTION = YES;
				GCC_WARN_UNUSED_VARIABLE = YES;
				IPHONEOS_DEPLOYMENT_TARGET = 10.3;
				MTL_ENABLE_DEBUG_INFO = NO;
				SDKROOT = iphoneos;
				SWIFT_OPTIMIZATION_LEVEL = "-Owholemodule";
				VALIDATE_PRODUCT = YES;
			};
			name = Release;
		};
		E7075BF91ED9CE4A00D6051E /* Debug */ = {
			isa = XCBuildConfiguration;
			buildSettings = {
				ASSETCATALOG_COMPILER_APPICON_NAME = AppIcon;
				INFOPLIST_FILE = DestroyTheWorld/Info.plist;
				LD_RUNPATH_SEARCH_PATHS = "$(inherited) @executable_path/Frameworks";
				PRODUCT_BUNDLE_IDENTIFIER = soar.DestroyTheWorld;
				PRODUCT_NAME = "$(TARGET_NAME)";
				SWIFT_VERSION = 3.0;
			};
			name = Debug;
		};
		E7075BFA1ED9CE4A00D6051E /* Release */ = {
			isa = XCBuildConfiguration;
			buildSettings = {
				ASSETCATALOG_COMPILER_APPICON_NAME = AppIcon;
				INFOPLIST_FILE = DestroyTheWorld/Info.plist;
				LD_RUNPATH_SEARCH_PATHS = "$(inherited) @executable_path/Frameworks";
				PRODUCT_BUNDLE_IDENTIFIER = soar.DestroyTheWorld;
				PRODUCT_NAME = "$(TARGET_NAME)";
				SWIFT_VERSION = 3.0;
			};
			name = Release;
		};
		E7075BFC1ED9CE4A00D6051E /* Debug */ = {
			isa = XCBuildConfiguration;
			buildSettings = {
				ALWAYS_EMBED_SWIFT_STANDARD_LIBRARIES = YES;
				BUNDLE_LOADER = "$(TEST_HOST)";
				INFOPLIST_FILE = DestroyTheWorldTests/Info.plist;
				LD_RUNPATH_SEARCH_PATHS = "$(inherited) @executable_path/Frameworks @loader_path/Frameworks";
				PRODUCT_BUNDLE_IDENTIFIER = soar.DestroyTheWorldTests;
				PRODUCT_NAME = "$(TARGET_NAME)";
				SWIFT_VERSION = 3.0;
				TEST_HOST = "$(BUILT_PRODUCTS_DIR)/DestroyTheWorld.app/DestroyTheWorld";
			};
			name = Debug;
		};
		E7075BFD1ED9CE4A00D6051E /* Release */ = {
			isa = XCBuildConfiguration;
			buildSettings = {
				ALWAYS_EMBED_SWIFT_STANDARD_LIBRARIES = YES;
				BUNDLE_LOADER = "$(TEST_HOST)";
				INFOPLIST_FILE = DestroyTheWorldTests/Info.plist;
				LD_RUNPATH_SEARCH_PATHS = "$(inherited) @executable_path/Frameworks @loader_path/Frameworks";
				PRODUCT_BUNDLE_IDENTIFIER = soar.DestroyTheWorldTests;
				PRODUCT_NAME = "$(TARGET_NAME)";
				SWIFT_VERSION = 3.0;
				TEST_HOST = "$(BUILT_PRODUCTS_DIR)/DestroyTheWorld.app/DestroyTheWorld";
			};
			name = Release;
		};
		E7075BFF1ED9CE4A00D6051E /* Debug */ = {
			isa = XCBuildConfiguration;
			buildSettings = {
				ALWAYS_EMBED_SWIFT_STANDARD_LIBRARIES = YES;
				INFOPLIST_FILE = DestroyTheWorldUITests/Info.plist;
				LD_RUNPATH_SEARCH_PATHS = "$(inherited) @executable_path/Frameworks @loader_path/Frameworks";
				PRODUCT_BUNDLE_IDENTIFIER = soar.DestroyTheWorldUITests;
				PRODUCT_NAME = "$(TARGET_NAME)";
				SWIFT_VERSION = 3.0;
				TEST_TARGET_NAME = DestroyTheWorld;
			};
			name = Debug;
		};
		E7075C001ED9CE4A00D6051E /* Release */ = {
			isa = XCBuildConfiguration;
			buildSettings = {
				ALWAYS_EMBED_SWIFT_STANDARD_LIBRARIES = YES;
				INFOPLIST_FILE = DestroyTheWorldUITests/Info.plist;
				LD_RUNPATH_SEARCH_PATHS = "$(inherited) @executable_path/Frameworks @loader_path/Frameworks";
				PRODUCT_BUNDLE_IDENTIFIER = soar.DestroyTheWorldUITests;
				PRODUCT_NAME = "$(TARGET_NAME)";
				SWIFT_VERSION = 3.0;
				TEST_TARGET_NAME = DestroyTheWorld;
			};
			name = Release;
		};
/* End XCBuildConfiguration section */

/* Begin XCConfigurationList section */
		E7075BCB1ED9CE4A00D6051E /* Build configuration list for PBXProject "DestroyTheWorld" */ = {
			isa = XCConfigurationList;
			buildConfigurations = (
				E7075BF61ED9CE4A00D6051E /* Debug */,
				E7075BF71ED9CE4A00D6051E /* Release */,
			);
			defaultConfigurationIsVisible = 0;
			defaultConfigurationName = Release;
		};
		E7075BF81ED9CE4A00D6051E /* Build configuration list for PBXNativeTarget "DestroyTheWorld" */ = {
			isa = XCConfigurationList;
			buildConfigurations = (
				E7075BF91ED9CE4A00D6051E /* Debug */,
				E7075BFA1ED9CE4A00D6051E /* Release */,
			);
			defaultConfigurationIsVisible = 0;
		};
		E7075BFB1ED9CE4A00D6051E /* Build configuration list for PBXNativeTarget "DestroyTheWorldTests" */ = {
			isa = XCConfigurationList;
			buildConfigurations = (
				E7075BFC1ED9CE4A00D6051E /* Debug */,
				E7075BFD1ED9CE4A00D6051E /* Release */,
			);
			defaultConfigurationIsVisible = 0;
		};
		E7075BFE1ED9CE4A00D6051E /* Build configuration list for PBXNativeTarget "DestroyTheWorldUITests" */ = {
			isa = XCConfigurationList;
			buildConfigurations = (
				E7075BFF1ED9CE4A00D6051E /* Debug */,
				E7075C001ED9CE4A00D6051E /* Release */,
			);
			defaultConfigurationIsVisible = 0;
		};
/* End XCConfigurationList section */
	};
	rootObject = E7075BC81ED9CE4A00D6051E /* Project object */;
}
